// !$*UTF8*$!
{
	archiveVersion = 1;
	classes = {
	};
	objectVersion = 50;
	objects = {

/* Begin PBXBuildFile section */
		1EF348622241E59F00AA81DA /* AppDelegate.swift in Sources */ = {isa = PBXBuildFile; fileRef = 1EF348612241E59F00AA81DA /* AppDelegate.swift */; };
		1EF348642241E59F00AA81DA /* DepthImageViewController.swift in Sources */ = {isa = PBXBuildFile; fileRef = 1EF348632241E59F00AA81DA /* DepthImageViewController.swift */; };
		1EF348672241E59F00AA81DA /* Main.storyboard in Resources */ = {isa = PBXBuildFile; fileRef = 1EF348652241E59F00AA81DA /* Main.storyboard */; };
		1EF348692241E5A400AA81DA /* Assets.xcassets in Resources */ = {isa = PBXBuildFile; fileRef = 1EF348682241E5A400AA81DA /* Assets.xcassets */; };
		1EF3486C2241E5A400AA81DA /* LaunchScreen.storyboard in Resources */ = {isa = PBXBuildFile; fileRef = 1EF3486A2241E5A400AA81DA /* LaunchScreen.storyboard */; };
		1EF3487E2241E63C00AA81DA /* test02.jpg in Resources */ = {isa = PBXBuildFile; fileRef = 1EF348742241E63A00AA81DA /* test02.jpg */; };
		1EF3487F2241E63C00AA81DA /* test09.jpg in Resources */ = {isa = PBXBuildFile; fileRef = 1EF348752241E63A00AA81DA /* test09.jpg */; };
		1EF348802241E63C00AA81DA /* test00.jpg in Resources */ = {isa = PBXBuildFile; fileRef = 1EF348762241E63A00AA81DA /* test00.jpg */; };
		1EF348812241E63C00AA81DA /* test01.jpg in Resources */ = {isa = PBXBuildFile; fileRef = 1EF348772241E63A00AA81DA /* test01.jpg */; };
		1EF348822241E63C00AA81DA /* test06.jpg in Resources */ = {isa = PBXBuildFile; fileRef = 1EF348782241E63B00AA81DA /* test06.jpg */; };
		1EF348832241E63C00AA81DA /* test07.jpg in Resources */ = {isa = PBXBuildFile; fileRef = 1EF348792241E63B00AA81DA /* test07.jpg */; };
		1EF348842241E63C00AA81DA /* test03.jpg in Resources */ = {isa = PBXBuildFile; fileRef = 1EF3487A2241E63B00AA81DA /* test03.jpg */; };
		1EF348852241E63C00AA81DA /* test04.jpg in Resources */ = {isa = PBXBuildFile; fileRef = 1EF3487B2241E63B00AA81DA /* test04.jpg */; };
		1EF348862241E63C00AA81DA /* test05.jpg in Resources */ = {isa = PBXBuildFile; fileRef = 1EF3487C2241E63B00AA81DA /* test05.jpg */; };
		1EF348872241E63C00AA81DA /* test08.jpg in Resources */ = {isa = PBXBuildFile; fileRef = 1EF3487D2241E63C00AA81DA /* test08.jpg */; };
		1EF3488A2241E72600AA81DA /* CGImage+Extension.swift in Sources */ = {isa = PBXBuildFile; fileRef = 1EF348892241E72600AA81DA /* CGImage+Extension.swift */; };
		1EF3488C2241E73F00AA81DA /* CIImage+Extension.swift in Sources */ = {isa = PBXBuildFile; fileRef = 1EF3488B2241E73F00AA81DA /* CIImage+Extension.swift */; };
		1EF3488E2241E76300AA81DA /* CVPixelBuffer+Extension.swift in Sources */ = {isa = PBXBuildFile; fileRef = 1EF3488D2241E76300AA81DA /* CVPixelBuffer+Extension.swift */; };
		1EF348902241E77B00AA81DA /* UIImage+Extension.swift in Sources */ = {isa = PBXBuildFile; fileRef = 1EF3488F2241E77B00AA81DA /* UIImage+Extension.swift */; };
		1EF348932241E7A800AA81DA /* ControlEnums.swift in Sources */ = {isa = PBXBuildFile; fileRef = 1EF348922241E7A800AA81DA /* ControlEnums.swift */; };
		1EF348952241E7B800AA81DA /* DepthImageFilters.swift in Sources */ = {isa = PBXBuildFile; fileRef = 1EF348942241E7B800AA81DA /* DepthImageFilters.swift */; };
		1EF348972241E7C200AA81DA /* DepthReader.swift in Sources */ = {isa = PBXBuildFile; fileRef = 1EF348962241E7C200AA81DA /* DepthReader.swift */; };
		1EF348992241E7CC00AA81DA /* DepthReaderSimulatorHack.swift in Sources */ = {isa = PBXBuildFile; fileRef = 1EF348982241E7CC00AA81DA /* DepthReaderSimulatorHack.swift */; };
/* End PBXBuildFile section */

/* Begin PBXFileReference section */
		1EF3485E2241E59F00AA81DA /* DepthImage.app */ = {isa = PBXFileReference; explicitFileType = wrapper.application; includeInIndex = 0; path = DepthImage.app; sourceTree = BUILT_PRODUCTS_DIR; };
		1EF348612241E59F00AA81DA /* AppDelegate.swift */ = {isa = PBXFileReference; lastKnownFileType = sourcecode.swift; path = AppDelegate.swift; sourceTree = "<group>"; };
		1EF348632241E59F00AA81DA /* DepthImageViewController.swift */ = {isa = PBXFileReference; lastKnownFileType = sourcecode.swift; path = DepthImageViewController.swift; sourceTree = "<group>"; };
		1EF348662241E59F00AA81DA /* Base */ = {isa = PBXFileReference; lastKnownFileType = file.storyboard; name = Base; path = Base.lproj/Main.storyboard; sourceTree = "<group>"; };
		1EF348682241E5A400AA81DA /* Assets.xcassets */ = {isa = PBXFileReference; lastKnownFileType = folder.assetcatalog; path = Assets.xcassets; sourceTree = "<group>"; };
		1EF3486B2241E5A400AA81DA /* Base */ = {isa = PBXFileReference; lastKnownFileType = file.storyboard; name = Base; path = Base.lproj/LaunchScreen.storyboard; sourceTree = "<group>"; };
		1EF3486D2241E5A400AA81DA /* Info.plist */ = {isa = PBXFileReference; lastKnownFileType = text.plist.xml; path = Info.plist; sourceTree = "<group>"; };
		1EF348742241E63A00AA81DA /* test02.jpg */ = {isa = PBXFileReference; lastKnownFileType = image.jpeg; path = test02.jpg; sourceTree = "<group>"; };
		1EF348752241E63A00AA81DA /* test09.jpg */ = {isa = PBXFileReference; lastKnownFileType = image.jpeg; path = test09.jpg; sourceTree = "<group>"; };
		1EF348762241E63A00AA81DA /* test00.jpg */ = {isa = PBXFileReference; lastKnownFileType = image.jpeg; path = test00.jpg; sourceTree = "<group>"; };
		1EF348772241E63A00AA81DA /* test01.jpg */ = {isa = PBXFileReference; lastKnownFileType = image.jpeg; path = test01.jpg; sourceTree = "<group>"; };
		1EF348782241E63B00AA81DA /* test06.jpg */ = {isa = PBXFileReference; lastKnownFileType = image.jpeg; path = test06.jpg; sourceTree = "<group>"; };
		1EF348792241E63B00AA81DA /* test07.jpg */ = {isa = PBXFileReference; lastKnownFileType = image.jpeg; path = test07.jpg; sourceTree = "<group>"; };
		1EF3487A2241E63B00AA81DA /* test03.jpg */ = {isa = PBXFileReference; lastKnownFileType = image.jpeg; path = test03.jpg; sourceTree = "<group>"; };
		1EF3487B2241E63B00AA81DA /* test04.jpg */ = {isa = PBXFileReference; lastKnownFileType = image.jpeg; path = test04.jpg; sourceTree = "<group>"; };
		1EF3487C2241E63B00AA81DA /* test05.jpg */ = {isa = PBXFileReference; lastKnownFileType = image.jpeg; path = test05.jpg; sourceTree = "<group>"; };
		1EF3487D2241E63C00AA81DA /* test08.jpg */ = {isa = PBXFileReference; lastKnownFileType = image.jpeg; path = test08.jpg; sourceTree = "<group>"; };
		1EF348892241E72600AA81DA /* CGImage+Extension.swift */ = {isa = PBXFileReference; lastKnownFileType = sourcecode.swift; path = "CGImage+Extension.swift"; sourceTree = "<group>"; };
		1EF3488B2241E73F00AA81DA /* CIImage+Extension.swift */ = {isa = PBXFileReference; lastKnownFileType = sourcecode.swift; path = "CIImage+Extension.swift"; sourceTree = "<group>"; };
		1EF3488D2241E76300AA81DA /* CVPixelBuffer+Extension.swift */ = {isa = PBXFileReference; lastKnownFileType = sourcecode.swift; path = "CVPixelBuffer+Extension.swift"; sourceTree = "<group>"; };
		1EF3488F2241E77B00AA81DA /* UIImage+Extension.swift */ = {isa = PBXFileReference; lastKnownFileType = sourcecode.swift; path = "UIImage+Extension.swift"; sourceTree = "<group>"; };
		1EF348922241E7A800AA81DA /* ControlEnums.swift */ = {isa = PBXFileReference; lastKnownFileType = sourcecode.swift; path = ControlEnums.swift; sourceTree = "<group>"; };
		1EF348942241E7B800AA81DA /* DepthImageFilters.swift */ = {isa = PBXFileReference; lastKnownFileType = sourcecode.swift; path = DepthImageFilters.swift; sourceTree = "<group>"; };
		1EF348962241E7C200AA81DA /* DepthReader.swift */ = {isa = PBXFileReference; lastKnownFileType = sourcecode.swift; path = DepthReader.swift; sourceTree = "<group>"; };
		1EF348982241E7CC00AA81DA /* DepthReaderSimulatorHack.swift */ = {isa = PBXFileReference; lastKnownFileType = sourcecode.swift; path = DepthReaderSimulatorHack.swift; sourceTree = "<group>"; };
/* End PBXFileReference section */

/* Begin PBXFrameworksBuildPhase section */
		1EF3485B2241E59F00AA81DA /* Frameworks */ = {
			isa = PBXFrameworksBuildPhase;
			buildActionMask = 2147483647;
			files = (
			);
			runOnlyForDeploymentPostprocessing = 0;
		};
/* End PBXFrameworksBuildPhase section */

/* Begin PBXGroup section */
		1EF348552241E59F00AA81DA = {
			isa = PBXGroup;
			children = (
				1EF348602241E59F00AA81DA /* DepthImage */,
				1EF3485F2241E59F00AA81DA /* Products */,
			);
			sourceTree = "<group>";
		};
		1EF3485F2241E59F00AA81DA /* Products */ = {
			isa = PBXGroup;
			children = (
				1EF3485E2241E59F00AA81DA /* DepthImage.app */,
			);
			name = Products;
			sourceTree = "<group>";
		};
		1EF348602241E59F00AA81DA /* DepthImage */ = {
			isa = PBXGroup;
			children = (
				1EF348912241E79B00AA81DA /* Utilites */,
				1EF348882241E71000AA81DA /* Extensions */,
				1EF348612241E59F00AA81DA /* AppDelegate.swift */,
				1EF348632241E59F00AA81DA /* DepthImageViewController.swift */,
				1EF348732241E63100AA81DA /* Resources */,
			);
			path = DepthImage;
			sourceTree = "<group>";
		};
		1EF348732241E63100AA81DA /* Resources */ = {
			isa = PBXGroup;
			children = (
				1EF348652241E59F00AA81DA /* Main.storyboard */,
				1EF348682241E5A400AA81DA /* Assets.xcassets */,
				1EF3486A2241E5A400AA81DA /* LaunchScreen.storyboard */,
				1EF3486D2241E5A400AA81DA /* Info.plist */,
				1EF348762241E63A00AA81DA /* test00.jpg */,
				1EF348772241E63A00AA81DA /* test01.jpg */,
				1EF348742241E63A00AA81DA /* test02.jpg */,
				1EF3487A2241E63B00AA81DA /* test03.jpg */,
				1EF3487B2241E63B00AA81DA /* test04.jpg */,
				1EF3487C2241E63B00AA81DA /* test05.jpg */,
				1EF348782241E63B00AA81DA /* test06.jpg */,
				1EF348792241E63B00AA81DA /* test07.jpg */,
				1EF3487D2241E63C00AA81DA /* test08.jpg */,
				1EF348752241E63A00AA81DA /* test09.jpg */,
			);
			path = Resources;
			sourceTree = "<group>";
		};
		1EF348882241E71000AA81DA /* Extensions */ = {
			isa = PBXGroup;
			children = (
				1EF348892241E72600AA81DA /* CGImage+Extension.swift */,
				1EF3488B2241E73F00AA81DA /* CIImage+Extension.swift */,
				1EF3488D2241E76300AA81DA /* CVPixelBuffer+Extension.swift */,
				1EF3488F2241E77B00AA81DA /* UIImage+Extension.swift */,
			);
			path = Extensions;
			sourceTree = "<group>";
		};
		1EF348912241E79B00AA81DA /* Utilites */ = {
			isa = PBXGroup;
			children = (
				1EF348922241E7A800AA81DA /* ControlEnums.swift */,
				1EF348942241E7B800AA81DA /* DepthImageFilters.swift */,
				1EF348962241E7C200AA81DA /* DepthReader.swift */,
				1EF348982241E7CC00AA81DA /* DepthReaderSimulatorHack.swift */,
			);
			path = Utilites;
			sourceTree = "<group>";
		};
/* End PBXGroup section */

/* Begin PBXNativeTarget section */
		1EF3485D2241E59F00AA81DA /* DepthImage */ = {
			isa = PBXNativeTarget;
			buildConfigurationList = 1EF348702241E5A400AA81DA /* Build configuration list for PBXNativeTarget "DepthImage" */;
			buildPhases = (
				1EF3485A2241E59F00AA81DA /* Sources */,
				1EF3485B2241E59F00AA81DA /* Frameworks */,
				1EF3485C2241E59F00AA81DA /* Resources */,
			);
			buildRules = (
			);
			dependencies = (
			);
			name = DepthImage;
			productName = DepthImage;
			productReference = 1EF3485E2241E59F00AA81DA /* DepthImage.app */;
			productType = "com.apple.product-type.application";
		};
/* End PBXNativeTarget section */

/* Begin PBXProject section */
		1EF348562241E59F00AA81DA /* Project object */ = {
			isa = PBXProject;
			attributes = {
				LastSwiftUpdateCheck = 1010;
				LastUpgradeCheck = 1010;
				ORGANIZATIONNAME = Mobdev125;
				TargetAttributes = {
					1EF3485D2241E59F00AA81DA = {
						CreatedOnToolsVersion = 10.1;
					};
				};
			};
			buildConfigurationList = 1EF348592241E59F00AA81DA /* Build configuration list for PBXProject "DepthImage" */;
			compatibilityVersion = "Xcode 9.3";
			developmentRegion = en;
			hasScannedForEncodings = 0;
			knownRegions = (
				en,
				Base,
			);
			mainGroup = 1EF348552241E59F00AA81DA;
			productRefGroup = 1EF3485F2241E59F00AA81DA /* Products */;
			projectDirPath = "";
			projectRoot = "";
			targets = (
				1EF3485D2241E59F00AA81DA /* DepthImage */,
			);
		};
/* End PBXProject section */

/* Begin PBXResourcesBuildPhase section */
		1EF3485C2241E59F00AA81DA /* Resources */ = {
			isa = PBXResourcesBuildPhase;
			buildActionMask = 2147483647;
			files = (
				1EF3486C2241E5A400AA81DA /* LaunchScreen.storyboard in Resources */,
				1EF348802241E63C00AA81DA /* test00.jpg in Resources */,
				1EF348862241E63C00AA81DA /* test05.jpg in Resources */,
				1EF348872241E63C00AA81DA /* test08.jpg in Resources */,
				1EF348692241E5A400AA81DA /* Assets.xcassets in Resources */,
				1EF348852241E63C00AA81DA /* test04.jpg in Resources */,
				1EF348672241E59F00AA81DA /* Main.storyboard in Resources */,
				1EF3487F2241E63C00AA81DA /* test09.jpg in Resources */,
				1EF348812241E63C00AA81DA /* test01.jpg in Resources */,
				1EF348832241E63C00AA81DA /* test07.jpg in Resources */,
				1EF3487E2241E63C00AA81DA /* test02.jpg in Resources */,
				1EF348842241E63C00AA81DA /* test03.jpg in Resources */,
				1EF348822241E63C00AA81DA /* test06.jpg in Resources */,
			);
			runOnlyForDeploymentPostprocessing = 0;
		};
/* End PBXResourcesBuildPhase section */

/* Begin PBXSourcesBuildPhase section */
		1EF3485A2241E59F00AA81DA /* Sources */ = {
			isa = PBXSourcesBuildPhase;
			buildActionMask = 2147483647;
			files = (
				1EF348642241E59F00AA81DA /* DepthImageViewController.swift in Sources */,
				1EF348972241E7C200AA81DA /* DepthReader.swift in Sources */,
				1EF3488C2241E73F00AA81DA /* CIImage+Extension.swift in Sources */,
				1EF3488E2241E76300AA81DA /* CVPixelBuffer+Extension.swift in Sources */,
				1EF348952241E7B800AA81DA /* DepthImageFilters.swift in Sources */,
				1EF348902241E77B00AA81DA /* UIImage+Extension.swift in Sources */,
				1EF348932241E7A800AA81DA /* ControlEnums.swift in Sources */,
				1EF348622241E59F00AA81DA /* AppDelegate.swift in Sources */,
				1EF348992241E7CC00AA81DA /* DepthReaderSimulatorHack.swift in Sources */,
				1EF3488A2241E72600AA81DA /* CGImage+Extension.swift in Sources */,
			);
			runOnlyForDeploymentPostprocessing = 0;
		};
/* End PBXSourcesBuildPhase section */

/* Begin PBXVariantGroup section */
		1EF348652241E59F00AA81DA /* Main.storyboard */ = {
			isa = PBXVariantGroup;
			children = (
				1EF348662241E59F00AA81DA /* Base */,
			);
			name = Main.storyboard;
			sourceTree = "<group>";
		};
		1EF3486A2241E5A400AA81DA /* LaunchScreen.storyboard */ = {
			isa = PBXVariantGroup;
			children = (
				1EF3486B2241E5A400AA81DA /* Base */,
			);
			name = LaunchScreen.storyboard;
			sourceTree = "<group>";
		};
/* End PBXVariantGroup section */

/* Begin XCBuildConfiguration section */
		1EF3486E2241E5A400AA81DA /* Debug */ = {
			isa = XCBuildConfiguration;
			buildSettings = {
				ALWAYS_SEARCH_USER_PATHS = NO;
				CLANG_ANALYZER_NONNULL = YES;
				CLANG_ANALYZER_NUMBER_OBJECT_CONVERSION = YES_AGGRESSIVE;
				CLANG_CXX_LANGUAGE_STANDARD = "gnu++14";
				CLANG_CXX_LIBRARY = "libc++";
				CLANG_ENABLE_MODULES = YES;
				CLANG_ENABLE_OBJC_ARC = YES;
				CLANG_ENABLE_OBJC_WEAK = YES;
				CLANG_WARN_BLOCK_CAPTURE_AUTORELEASING = YES;
				CLANG_WARN_BOOL_CONVERSION = YES;
				CLANG_WARN_COMMA = YES;
				CLANG_WARN_CONSTANT_CONVERSION = YES;
				CLANG_WARN_DEPRECATED_OBJC_IMPLEMENTATIONS = YES;
				CLANG_WARN_DIRECT_OBJC_ISA_USAGE = YES_ERROR;
				CLANG_WARN_DOCUMENTATION_COMMENTS = YES;
				CLANG_WARN_EMPTY_BODY = YES;
				CLANG_WARN_ENUM_CONVERSION = YES;
				CLANG_WARN_INFINITE_RECURSION = YES;
				CLANG_WARN_INT_CONVERSION = YES;
				CLANG_WARN_NON_LITERAL_NULL_CONVERSION = YES;
				CLANG_WARN_OBJC_IMPLICIT_RETAIN_SELF = YES;
				CLANG_WARN_OBJC_LITERAL_CONVERSION = YES;
				CLANG_WARN_OBJC_ROOT_CLASS = YES_ERROR;
				CLANG_WARN_RANGE_LOOP_ANALYSIS = YES;
				CLANG_WARN_STRICT_PROTOTYPES = YES;
				CLANG_WARN_SUSPICIOUS_MOVE = YES;
				CLANG_WARN_UNGUARDED_AVAILABILITY = YES_AGGRESSIVE;
				CLANG_WARN_UNREACHABLE_CODE = YES;
				CLANG_WARN__DUPLICATE_METHOD_MATCH = YES;
				CODE_SIGN_IDENTITY = "iPhone Developer";
				COPY_PHASE_STRIP = NO;
				DEBUG_INFORMATION_FORMAT = dwarf;
				ENABLE_STRICT_OBJC_MSGSEND = YES;
				ENABLE_TESTABILITY = YES;
				GCC_C_LANGUAGE_STANDARD = gnu11;
				GCC_DYNAMIC_NO_PIC = NO;
				GCC_NO_COMMON_BLOCKS = YES;
				GCC_OPTIMIZATION_LEVEL = 0;
				GCC_PREPROCESSOR_DEFINITIONS = (
					"DEBUG=1",
					"$(inherited)",
				);
				GCC_WARN_64_TO_32_BIT_CONVERSION = YES;
				GCC_WARN_ABOUT_RETURN_TYPE = YES_ERROR;
				GCC_WARN_UNDECLARED_SELECTOR = YES;
				GCC_WARN_UNINITIALIZED_AUTOS = YES_AGGRESSIVE;
				GCC_WARN_UNUSED_FUNCTION = YES;
				GCC_WARN_UNUSED_VARIABLE = YES;
				IPHONEOS_DEPLOYMENT_TARGET = 12.1;
				MTL_ENABLE_DEBUG_INFO = INCLUDE_SOURCE;
				MTL_FAST_MATH = YES;
				ONLY_ACTIVE_ARCH = YES;
				SDKROOT = iphoneos;
				SWIFT_ACTIVE_COMPILATION_CONDITIONS = DEBUG;
				SWIFT_OPTIMIZATION_LEVEL = "-Onone";
			};
			name = Debug;
		};
		1EF3486F2241E5A400AA81DA /* Release */ = {
			isa = XCBuildConfiguration;
			buildSettings = {
				ALWAYS_SEARCH_USER_PATHS = NO;
				CLANG_ANALYZER_NONNULL = YES;
				CLANG_ANALYZER_NUMBER_OBJECT_CONVERSION = YES_AGGRESSIVE;
				CLANG_CXX_LANGUAGE_STANDARD = "gnu++14";
				CLANG_CXX_LIBRARY = "libc++";
				CLANG_ENABLE_MODULES = YES;
				CLANG_ENABLE_OBJC_ARC = YES;
				CLANG_ENABLE_OBJC_WEAK = YES;
				CLANG_WARN_BLOCK_CAPTURE_AUTORELEASING = YES;
				CLANG_WARN_BOOL_CONVERSION = YES;
				CLANG_WARN_COMMA = YES;
				CLANG_WARN_CONSTANT_CONVERSION = YES;
				CLANG_WARN_DEPRECATED_OBJC_IMPLEMENTATIONS = YES;
				CLANG_WARN_DIRECT_OBJC_ISA_USAGE = YES_ERROR;
				CLANG_WARN_DOCUMENTATION_COMMENTS = YES;
				CLANG_WARN_EMPTY_BODY = YES;
				CLANG_WARN_ENUM_CONVERSION = YES;
				CLANG_WARN_INFINITE_RECURSION = YES;
				CLANG_WARN_INT_CONVERSION = YES;
				CLANG_WARN_NON_LITERAL_NULL_CONVERSION = YES;
				CLANG_WARN_OBJC_IMPLICIT_RETAIN_SELF = YES;
				CLANG_WARN_OBJC_LITERAL_CONVERSION = YES;
				CLANG_WARN_OBJC_ROOT_CLASS = YES_ERROR;
				CLANG_WARN_RANGE_LOOP_ANALYSIS = YES;
				CLANG_WARN_STRICT_PROTOTYPES = YES;
				CLANG_WARN_SUSPICIOUS_MOVE = YES;
				CLANG_WARN_UNGUARDED_AVAILABILITY = YES_AGGRESSIVE;
				CLANG_WARN_UNREACHABLE_CODE = YES;
				CLANG_WARN__DUPLICATE_METHOD_MATCH = YES;
				CODE_SIGN_IDENTITY = "iPhone Developer";
				COPY_PHASE_STRIP = NO;
				DEBUG_INFORMATION_FORMAT = "dwarf-with-dsym";
				ENABLE_NS_ASSERTIONS = NO;
				ENABLE_STRICT_OBJC_MSGSEND = YES;
				GCC_C_LANGUAGE_STANDARD = gnu11;
				GCC_NO_COMMON_BLOCKS = YES;
				GCC_WARN_64_TO_32_BIT_CONVERSION = YES;
				GCC_WARN_ABOUT_RETURN_TYPE = YES_ERROR;
				GCC_WARN_UNDECLARED_SELECTOR = YES;
				GCC_WARN_UNINITIALIZED_AUTOS = YES_AGGRESSIVE;
				GCC_WARN_UNUSED_FUNCTION = YES;
				GCC_WARN_UNUSED_VARIABLE = YES;
				IPHONEOS_DEPLOYMENT_TARGET = 12.1;
				MTL_ENABLE_DEBUG_INFO = NO;
				MTL_FAST_MATH = YES;
				SDKROOT = iphoneos;
				SWIFT_COMPILATION_MODE = wholemodule;
				SWIFT_OPTIMIZATION_LEVEL = "-O";
				VALIDATE_PRODUCT = YES;
			};
			name = Release;
		};
		1EF348712241E5A400AA81DA /* Debug */ = {
			isa = XCBuildConfiguration;
			buildSettings = {
				ASSETCATALOG_COMPILER_APPICON_NAME = AppIcon;
				CODE_SIGN_STYLE = Automatic;
				DEVELOPMENT_TEAM = XLZM74ZT88;
				INFOPLIST_FILE = "$(SRCROOT)/DepthImage/Resources/Info.plist";
				LD_RUNPATH_SEARCH_PATHS = (
					"$(inherited)",
					"@executable_path/Frameworks",
				);
				PRODUCT_BUNDLE_IDENTIFIER = com.mobdev.DepthImage;
				PRODUCT_NAME = "$(TARGET_NAME)";
				SWIFT_VERSION = 4.2;
				TARGETED_DEVICE_FAMILY = "1,2";
			};
			name = Debug;
		};
		1EF348722241E5A400AA81DA /* Release */ = {
			isa = XCBuildConfiguration;
			buildSettings = {
				ASSETCATALOG_COMPILER_APPICON_NAME = AppIcon;
				CODE_SIGN_STYLE = Automatic;
				DEVELOPMENT_TEAM = XLZM74ZT88;
				INFOPLIST_FILE = "$(SRCROOT)/DepthImage/Resources/Info.plist";
				LD_RUNPATH_SEARCH_PATHS = (
					"$(inherited)",
					"@executable_path/Frameworks",
				);
				PRODUCT_BUNDLE_IDENTIFIER = com.mobdev.DepthImage;
				PRODUCT_NAME = "$(TARGET_NAME)";
				SWIFT_VERSION = 4.2;
				TARGETED_DEVICE_FAMILY = "1,2";
			};
			name = Release;
		};
/* End XCBuildConfiguration section */

/* Begin XCConfigurationList section */
		1EF348592241E59F00AA81DA /* Build configuration list for PBXProject "DepthImage" */ = {
			isa = XCConfigurationList;
			buildConfigurations = (
				1EF3486E2241E5A400AA81DA /* Debug */,
				1EF3486F2241E5A400AA81DA /* Release */,
			);
			defaultConfigurationIsVisible = 0;
			defaultConfigurationName = Release;
		};
		1EF348702241E5A400AA81DA /* Build configuration list for PBXNativeTarget "DepthImage" */ = {
			isa = XCConfigurationList;
			buildConfigurations = (
				1EF348712241E5A400AA81DA /* Debug */,
				1EF348722241E5A400AA81DA /* Release */,
			);
			defaultConfigurationIsVisible = 0;
			defaultConfigurationName = Release;
		};
/* End XCConfigurationList section */
	};
	rootObject = 1EF348562241E59F00AA81DA /* Project object */;
}
